
Microsoft Visual Studio Solution File, Format Version 12.00
# Visual Studio Version 16
VisualStudioVersion = 16.0.31613.86
MinimumVisualStudioVersion = 10.0.40219.1
Project("{FAE04EC0-301F-11D3-BF4B-00C04F79EFBC}") = "tech assignment 3", "tech assignment 3.csproj", "{AB97E388-04EA-49F0-BC55-E7631CB58F25}"
EndProject
Global
	GlobalSection(SolutionConfigurationPlatforms) = preSolution
		Debug|Any CPU = Debug|Any CPU
		Release|Any CPU = Release|Any CPU
	EndGlobalSection
	GlobalSection(ProjectConfigurationPlatforms) = postSolution
		{AB97E388-04EA-49F0-BC55-E7631CB58F25}.Debug|Any CPU.ActiveCfg = Debug|Any CPU
		{AB97E388-04EA-49F0-BC55-E7631CB58F25}.Debug|Any CPU.Build.0 = Debug|Any CPU
		{AB97E388-04EA-49F0-BC55-E7631CB58F25}.Release|Any CPU.ActiveCfg = Release|Any CPU
		{AB97E388-04EA-49F0-BC55-E7631CB58F25}.Release|Any CPU.Build.0 = Release|Any CPU
	EndGlobalSection
	GlobalSection(SolutionProperties) = preSolution
		HideSolutionNode = FALSE
	EndGlobalSection
	GlobalSection(ExtensibilityGlobals) = postSolution
		SolutionGuid = {7F695097-C031-442F-9C40-3DECF0A4B1BD}
	EndGlobalSection
EndGlobal
